{
    "name": "livewire-ace",
    "version": "0.0.2",
    "lockfileVersion": 3,
    "requires": true,
    "packages": {
        "": {
            "name": "livewire-ace",
            "version": "0.0.2",
            "devDependencies": {
                "ace-builds": "^1.36.3"
            }
        },
        "node_modules/ace-builds": {
            "version": "1.36.3",
            "resolved": "https://registry.npmjs.org/ace-builds/-/ace-builds-1.36.3.tgz",
            "integrity": "sha512-YcdwV2IIaJSfjkWAR1NEYN5IxBiXefTgwXsJ//UlaFrjXDX5hQpvPFvEePHz2ZBUfvO54RjHeRUQGX8MS5HaMQ==",
            "dev": true,
            "license": "BSD-3-Clause"
        }
    }
}
